
Microsoft Visual Studio Solution File, Format Version 12.00
# Visual Studio Version 17
VisualStudioVersion = 17.3.32929.385
MinimumVisualStudioVersion = 10.0.40219.1
Project("{9A19103F-16F7-4668-BE54-9A1E7A4F7556}") = "GM.Utility", "src\GM.Utility\GM.Utility.csproj", "{0689FB8B-C7DE-4F4A-A422-05EA5E5938B4}"
EndProject
Project("{FAE04EC0-301F-11D3-BF4B-00C04F79EFBC}") = "GM.Utility.Testing.Unit", "testing\GM.Utility.Testing.Unit\GM.Utility.Testing.Unit.csproj", "{410047B8-B3EE-42B6-818A-698DB8B44219}"
EndProject
Global
	GlobalSection(SolutionConfigurationPlatforms) = preSolution
		Debug|Any CPU = Debug|Any CPU
		Release|Any CPU = Release|Any CPU
	EndGlobalSection
	GlobalSection(ProjectConfigurationPlatforms) = postSolution
		{0689FB8B-C7DE-4F4A-A422-05EA5E5938B4}.Debug|Any CPU.ActiveCfg = Debug|Any CPU
		{0689FB8B-C7DE-4F4A-A422-05EA5E5938B4}.Debug|Any CPU.Build.0 = Debug|Any CPU
		{0689FB8B-C7DE-4F4A-A422-05EA5E5938B4}.Release|Any CPU.ActiveCfg = Release|Any CPU
		{0689FB8B-C7DE-4F4A-A422-05EA5E5938B4}.Release|Any CPU.Build.0 = Release|Any CPU
		{410047B8-B3EE-42B6-818A-698DB8B44219}.Debug|Any CPU.ActiveCfg = Debug|Any CPU
		{410047B8-B3EE-42B6-818A-698DB8B44219}.Debug|Any CPU.Build.0 = Debug|Any CPU
		{410047B8-B3EE-42B6-818A-698DB8B44219}.Release|Any CPU.ActiveCfg = Release|Any CPU
		{410047B8-B3EE-42B6-818A-698DB8B44219}.Release|Any CPU.Build.0 = Release|Any CPU
	EndGlobalSection
	GlobalSection(SolutionProperties) = preSolution
		HideSolutionNode = FALSE
	EndGlobalSection
	GlobalSection(ExtensibilityGlobals) = postSolution
		SolutionGuid = {3848D567-4F38-4DB6-851B-1328EA6DD917}
	EndGlobalSection
EndGlobal
